{
  "version": 4,
  "terraform_version": "1.15.8",
  "serial": 15,
  "lineage": "fbe9ebc3-b197-67e9-4722-5807ecfabe91",
  "outputs": {},
  "resources": [
    {
      "mode": "managed",
      "type": "postgresql_database",
      "name": "databases",
      "provider": "provider[\"registry.terraform.io/cyrilgdn/postgresql\"]",
      "instances": [
        {
          "index_key": "appdb",
          "schema_version": 0,
          "attributes": {
            "allow_connections": true,
            "alter_object_ownership": false,
            "connection_limit": -1,
            "encoding": "UTF8",
            "id": "appdb",
            "is_template": false,
            "lc_collate": "en_US.UTF-8",
            "lc_ctype": "en_US.UTF-8",
            "name": "appdb",
            "owner": "appuser1",
            "tablespace_name": "pg_default",
            "template": "template0"
          },
          "sensitive_attributes": [],
          "identity_schema_version": 0,
          "private": "bnVsbA==",
          "dependencies": [
            "postgresql_role.users"
          ]
        },
        {
          "index_key": "devdb",
          "schema_version": 0,
          "attributes": {
            "allow_connections": true,
            "alter_object_ownership": false,
            "connection_limit": -1,
            "encoding": "UTF8",
            "id": "devdb",
            "is_template": false,
            "lc_collate": "en_US.UTF-8",
            "lc_ctype": "en_US.UTF-8",
            "name": "devdb",
            "owner": "devuser",
            "tablespace_name": "pg_default",
            "template": "template0"
          },
          "sensitive_attributes": [],
          "identity_schema_version": 0,
          "private": "bnVsbA==",
          "dependencies": [
            "postgresql_role.users"
          ]
        },
        {
          "index_key": "testdb",
          "schema_version": 0,
          "attributes": {
            "allow_connections": true,
            "alter_object_ownership": false,
            "connection_limit": -1,
            "encoding": "UTF8",
            "id": "testdb",
            "is_template": false,
            "lc_collate": "en_US.UTF-8",
            "lc_ctype": "en_US.UTF-8",
            "name": "testdb",
            "owner": "testuser",
            "tablespace_name": "pg_default",
            "template": "template0"
          },
          "sensitive_attributes": [],
          "identity_schema_version": 0,
          "private": "bnVsbA==",
          "dependencies": [
            "postgresql_role.users"
          ]
        }
      ]
    },
    {
      "mode": "managed",
      "type": "postgresql_database",
      "name": "terraformdb",
      "provider": "provider[\"registry.terraform.io/cyrilgdn/postgresql\"]",
      "instances": [
        {
          "schema_version": 0,
          "attributes": {
            "allow_connections": true,
            "alter_object_ownership": false,
            "connection_limit": -1,
            "encoding": "UTF8",
            "id": "terraformdb",
            "is_template": false,
            "lc_collate": "en_US.UTF-8",
            "lc_ctype": "en_US.UTF-8",
            "name": "terraformdb",
            "owner": "appuser",
            "tablespace_name": "pg_default",
            "template": "template0"
          },
          "sensitive_attributes": [],
          "identity_schema_version": 0,
          "private": "bnVsbA==",
          "dependencies": [
            "postgresql_role.appuser"
          ]
        }
      ]
    },
    {
      "mode": "managed",
      "type": "postgresql_grant",
      "name": "db_connect",
      "provider": "provider[\"registry.terraform.io/cyrilgdn/postgresql\"]",
      "instances": [
        {
          "schema_version": 0,
          "attributes": {
            "columns": null,
            "database": "terraformdb",
            "id": "appuser_terraformdb_database",
            "object_type": "database",
            "objects": null,
            "privileges": [
              "CONNECT"
            ],
            "role": "appuser",
            "schema": null,
            "with_grant_option": false
          },
          "sensitive_attributes": [],
          "identity_schema_version": 0,
          "private": "bnVsbA==",
          "dependencies": [
            "postgresql_database.terraformdb",
            "postgresql_role.appuser"
          ]
        }
      ]
    },
    {
      "mode": "managed",
      "type": "postgresql_role",
      "name": "appuser",
      "provider": "provider[\"registry.terraform.io/cyrilgdn/postgresql\"]",
      "instances": [
        {
          "schema_version": 0,
          "attributes": {
            "assume_role": "",
            "bypass_row_level_security": false,
            "connection_limit": -1,
            "create_database": false,
            "create_role": false,
            "encrypted": null,
            "encrypted_password": true,
            "id": "appuser",
            "idle_in_transaction_session_timeout": 0,
            "inherit": true,
            "login": true,
            "name": "appuser",
            "password": "AppUser123",
            "password_wo": null,
            "password_wo_version": null,
            "replication": false,
            "roles": [],
            "search_path": [],
            "skip_drop_role": false,
            "skip_reassign_owned": false,
            "statement_timeout": 0,
            "superuser": false,
            "valid_until": "infinity"
          },
          "sensitive_attributes": [
            [
              {
                "type": "get_attr",
                "value": "password"
              }
            ],
            [
              {
                "type": "get_attr",
                "value": "password_wo"
              }
            ]
          ],
          "identity_schema_version": 0,
          "private": "bnVsbA=="
        }
      ]
    },
    {
      "mode": "managed",
      "type": "postgresql_role",
      "name": "users",
      "provider": "provider[\"registry.terraform.io/cyrilgdn/postgresql\"]",
      "instances": [
        {
          "index_key": "appdb",
          "schema_version": 0,
          "attributes": {
            "assume_role": "",
            "bypass_row_level_security": false,
            "connection_limit": -1,
            "create_database": false,
            "create_role": false,
            "encrypted": null,
            "encrypted_password": true,
            "id": "appuser1",
            "idle_in_transaction_session_timeout": 0,
            "inherit": true,
            "login": true,
            "name": "appuser1",
            "password": "App@123",
            "password_wo": null,
            "password_wo_version": null,
            "replication": false,
            "roles": null,
            "search_path": null,
            "skip_drop_role": false,
            "skip_reassign_owned": false,
            "statement_timeout": 0,
            "superuser": false,
            "valid_until": "infinity"
          },
          "sensitive_attributes": [
            [
              {
                "type": "get_attr",
                "value": "password"
              }
            ],
            [
              {
                "type": "get_attr",
                "value": "password_wo"
              }
            ]
          ],
          "identity_schema_version": 0,
          "private": "bnVsbA=="
        },
        {
          "index_key": "devdb",
          "schema_version": 0,
          "attributes": {
            "assume_role": "",
            "bypass_row_level_security": false,
            "connection_limit": -1,
            "create_database": false,
            "create_role": false,
            "encrypted": null,
            "encrypted_password": true,
            "id": "devuser",
            "idle_in_transaction_session_timeout": 0,
            "inherit": true,
            "login": true,
            "name": "devuser",
            "password": "Dev@123",
            "password_wo": null,
            "password_wo_version": null,
            "replication": false,
            "roles": [],
            "search_path": [],
            "skip_drop_role": false,
            "skip_reassign_owned": false,
            "statement_timeout": 0,
            "superuser": false,
            "valid_until": "infinity"
          },
          "sensitive_attributes": [
            [
              {
                "type": "get_attr",
                "value": "password"
              }
            ],
            [
              {
                "type": "get_attr",
                "value": "password_wo"
              }
            ]
          ],
          "identity_schema_version": 0,
          "private": "bnVsbA=="
        },
        {
          "index_key": "testdb",
          "schema_version": 0,
          "attributes": {
            "assume_role": "",
            "bypass_row_level_security": false,
            "connection_limit": -1,
            "create_database": false,
            "create_role": false,
            "encrypted": null,
            "encrypted_password": true,
            "id": "testuser",
            "idle_in_transaction_session_timeout": 0,
            "inherit": true,
            "login": true,
            "name": "testuser",
            "password": "Test@123",
            "password_wo": null,
            "password_wo_version": null,
            "replication": false,
            "roles": [],
            "search_path": [],
            "skip_drop_role": false,
            "skip_reassign_owned": false,
            "statement_timeout": 0,
            "superuser": false,
            "valid_until": "infinity"
          },
          "sensitive_attributes": [
            [
              {
                "type": "get_attr",
                "value": "password"
              }
            ],
            [
              {
                "type": "get_attr",
                "value": "password_wo"
              }
            ]
          ],
          "identity_schema_version": 0,
          "private": "bnVsbA=="
        }
      ]
    }
  ],
  "check_results": null
}
